github.com/emirpasic/gods v1.18.1 h1:FXtiHYKDGKCW2KzwZKx0iC0PQmdlorYgdFG9jPXJ1Bc=
github.com/emirpasic/gods v1.18.1/go.mod h1:8tpGGwCnJ5H4r6BWwaV6OrWmMoPhUl5jm/FMNAnJvWQ=
github.com/go-test/deep v1.1.0/go.mod h1:5C2ZWiW0ErCdrYzpqxLbTX7MG14M9iiw8DgHncVwcsE=
github.com/google/uuid v1.3.0 h1:t6JiXgmwXMjEs8VusXIJk2BXHsn+wx8BZdTaoZ5fu7I=
github.com/google/uuid v1.3.0/go.mod h1:TIyPZe4MgqvfeYDBFedMoGGpEw/LqOeaOT+nhxU+yHo=
github.com/heimdalr/dag v1.5.0 h1:hqVtijvY776P5OKP3QbdVBRt3Xxq6BYopz3XgklsGvo=
github.com/heimdalr/dag v1.5.0/go.mod h1:lthekrHl01dddmzqyBQ1YZbi7XcVGGzjFo0jIky5knc=
github.com/rhosocial/go-dag v1.0.2 h1:ijgiSn8BUEBJaO51XrOeAYfC21VRmSfVfKOvXTDeoS0=
github.com/rhosocial/go-dag v1.0.2/go.mod h1:SLAS53UedLaqCn/bUq5QZoba4gOiKAgf32BCr8bR0Q8=
google.golang.org/protobuf v1.36.10 h1:AYd7cD/uASjIL6Q9LiTjz8JLcrh/88q5UObnmY3aOOE=
google.golang.org/protobuf v1.36.10/go.mod h1:HTf+CrKn2C3g5S8VImy6tdcUvCska2kB7j23XfzDpco=
